
Microsoft Visual Studio Solution File, Format Version 12.00
# Visual Studio Version 17
VisualStudioVersion = 17.8.34330.188
MinimumVisualStudioVersion = 10.0.40219.1
Project("{8BC9CEB8-8B4A-11D0-8D11-00A0C91BC942}") = "C++", "Exam\Exam.vcxproj", "{E59E86CD-E0DB-43F8-8826-39F5308F737C}"
EndProject
Project("{9A19103F-16F7-4668-BE54-9A1E7A4F7556}") = "C#", "C#\C#.csproj", "{3A8C4C98-2639-4EB2-8C4A-7DE1702299C0}"
EndProject
Project("{9A19103F-16F7-4668-BE54-9A1E7A4F7556}") = "Web-App", "Web-App\Web-App.csproj", "{41C50338-5876-4108-B11C-97895566CB41}"
EndProject
Project("{FAE04EC0-301F-11D3-BF4B-00C04F79EFBC}") = "C# Algorithms", "C# Alhghoritms\C# Algorithms.csproj", "{F102960A-BB0E-492B-91EE-650A193802C7}"
EndProject
Global
	GlobalSection(SolutionConfigurationPlatforms) = preSolution
		Debug|Any CPU = Debug|Any CPU
		Debug|x64 = Debug|x64
		Debug|x86 = Debug|x86
		Release|Any CPU = Release|Any CPU
		Release|x64 = Release|x64
		Release|x86 = Release|x86
	EndGlobalSection
	GlobalSection(ProjectConfigurationPlatforms) = postSolution
		{E59E86CD-E0DB-43F8-8826-39F5308F737C}.Debug|Any CPU.ActiveCfg = Debug|x64
		{E59E86CD-E0DB-43F8-8826-39F5308F737C}.Debug|Any CPU.Build.0 = Debug|x64
		{E59E86CD-E0DB-43F8-8826-39F5308F737C}.Debug|x64.ActiveCfg = Debug|x64
		{E59E86CD-E0DB-43F8-8826-39F5308F737C}.Debug|x64.Build.0 = Debug|x64
		{E59E86CD-E0DB-43F8-8826-39F5308F737C}.Debug|x86.ActiveCfg = Debug|Win32
		{E59E86CD-E0DB-43F8-8826-39F5308F737C}.Debug|x86.Build.0 = Debug|Win32
		{E59E86CD-E0DB-43F8-8826-39F5308F737C}.Release|Any CPU.ActiveCfg = Release|x64
		{E59E86CD-E0DB-43F8-8826-39F5308F737C}.Release|Any CPU.Build.0 = Release|x64
		{E59E86CD-E0DB-43F8-8826-39F5308F737C}.Release|x64.ActiveCfg = Release|x64
		{E59E86CD-E0DB-43F8-8826-39F5308F737C}.Release|x64.Build.0 = Release|x64
		{E59E86CD-E0DB-43F8-8826-39F5308F737C}.Release|x86.ActiveCfg = Release|Win32
		{E59E86CD-E0DB-43F8-8826-39F5308F737C}.Release|x86.Build.0 = Release|Win32
		{3A8C4C98-2639-4EB2-8C4A-7DE1702299C0}.Debug|Any CPU.ActiveCfg = Debug|Any CPU
		{3A8C4C98-2639-4EB2-8C4A-7DE1702299C0}.Debug|Any CPU.Build.0 = Debug|Any CPU
		{3A8C4C98-2639-4EB2-8C4A-7DE1702299C0}.Debug|x64.ActiveCfg = Debug|Any CPU
		{3A8C4C98-2639-4EB2-8C4A-7DE1702299C0}.Debug|x64.Build.0 = Debug|Any CPU
		{3A8C4C98-2639-4EB2-8C4A-7DE1702299C0}.Debug|x86.ActiveCfg = Debug|Any CPU
		{3A8C4C98-2639-4EB2-8C4A-7DE1702299C0}.Debug|x86.Build.0 = Debug|Any CPU
		{3A8C4C98-2639-4EB2-8C4A-7DE1702299C0}.Release|Any CPU.ActiveCfg = Release|Any CPU
		{3A8C4C98-2639-4EB2-8C4A-7DE1702299C0}.Release|Any CPU.Build.0 = Release|Any CPU
		{3A8C4C98-2639-4EB2-8C4A-7DE1702299C0}.Release|x64.ActiveCfg = Release|Any CPU
		{3A8C4C98-2639-4EB2-8C4A-7DE1702299C0}.Release|x64.Build.0 = Release|Any CPU
		{3A8C4C98-2639-4EB2-8C4A-7DE1702299C0}.Release|x86.ActiveCfg = Release|Any CPU
		{3A8C4C98-2639-4EB2-8C4A-7DE1702299C0}.Release|x86.Build.0 = Release|Any CPU
		{41C50338-5876-4108-B11C-97895566CB41}.Debug|Any CPU.ActiveCfg = Debug|Any CPU
		{41C50338-5876-4108-B11C-97895566CB41}.Debug|Any CPU.Build.0 = Debug|Any CPU
		{41C50338-5876-4108-B11C-97895566CB41}.Debug|x64.ActiveCfg = Debug|Any CPU
		{41C50338-5876-4108-B11C-97895566CB41}.Debug|x64.Build.0 = Debug|Any CPU
		{41C50338-5876-4108-B11C-97895566CB41}.Debug|x86.ActiveCfg = Debug|Any CPU
		{41C50338-5876-4108-B11C-97895566CB41}.Debug|x86.Build.0 = Debug|Any CPU
		{41C50338-5876-4108-B11C-97895566CB41}.Release|Any CPU.ActiveCfg = Release|Any CPU
		{41C50338-5876-4108-B11C-97895566CB41}.Release|Any CPU.Build.0 = Release|Any CPU
		{41C50338-5876-4108-B11C-97895566CB41}.Release|x64.ActiveCfg = Release|Any CPU
		{41C50338-5876-4108-B11C-97895566CB41}.Release|x64.Build.0 = Release|Any CPU
		{41C50338-5876-4108-B11C-97895566CB41}.Release|x86.ActiveCfg = Release|Any CPU
		{41C50338-5876-4108-B11C-97895566CB41}.Release|x86.Build.0 = Release|Any CPU
		{F102960A-BB0E-492B-91EE-650A193802C7}.Debug|Any CPU.ActiveCfg = Debug|Any CPU
		{F102960A-BB0E-492B-91EE-650A193802C7}.Debug|Any CPU.Build.0 = Debug|Any CPU
		{F102960A-BB0E-492B-91EE-650A193802C7}.Debug|x64.ActiveCfg = Debug|Any CPU
		{F102960A-BB0E-492B-91EE-650A193802C7}.Debug|x64.Build.0 = Debug|Any CPU
		{F102960A-BB0E-492B-91EE-650A193802C7}.Debug|x86.ActiveCfg = Debug|Any CPU
		{F102960A-BB0E-492B-91EE-650A193802C7}.Debug|x86.Build.0 = Debug|Any CPU
		{F102960A-BB0E-492B-91EE-650A193802C7}.Release|Any CPU.ActiveCfg = Release|Any CPU
		{F102960A-BB0E-492B-91EE-650A193802C7}.Release|Any CPU.Build.0 = Release|Any CPU
		{F102960A-BB0E-492B-91EE-650A193802C7}.Release|x64.ActiveCfg = Release|Any CPU
		{F102960A-BB0E-492B-91EE-650A193802C7}.Release|x64.Build.0 = Release|Any CPU
		{F102960A-BB0E-492B-91EE-650A193802C7}.Release|x86.ActiveCfg = Release|Any CPU
		{F102960A-BB0E-492B-91EE-650A193802C7}.Release|x86.Build.0 = Release|Any CPU
	EndGlobalSection
	GlobalSection(SolutionProperties) = preSolution
		HideSolutionNode = FALSE
	EndGlobalSection
	GlobalSection(ExtensibilityGlobals) = postSolution
		SolutionGuid = {DBD01FA2-C723-496C-B8DD-41E7FF76C08F}
	EndGlobalSection
EndGlobal
